// !$*UTF8*$!
{
	archiveVersion = 1;
	classes = {
	};
	objectVersion = 46;
	objects = {

/* Begin PBXBuildFile section */
		5C01FAB81A6545A000A0BB98 /* AppDelegate.m in Sources */ = {isa = PBXBuildFile; fileRef = 5C01FAB61A6545A000A0BB98 /* AppDelegate.m */; };
		5C01FAB91A6545A000A0BB98 /* main.m in Sources */ = {isa = PBXBuildFile; fileRef = 5C01FAB71A6545A000A0BB98 /* main.m */; };
		5C01FAC11A6545EF00A0BB98 /* MainViewController.m in Sources */ = {isa = PBXBuildFile; fileRef = 5C01FAC01A6545EF00A0BB98 /* MainViewController.m */; };
		5C01FAC41A654E3300A0BB98 /* NewRecordController.m in Sources */ = {isa = PBXBuildFile; fileRef = 5C01FAC31A654E3300A0BB98 /* NewRecordController.m */; };
		5C01FAC61A654EB700A0BB98 /* NewRecordController.xib in Resources */ = {isa = PBXBuildFile; fileRef = 5C01FAC51A654EB700A0BB98 /* NewRecordController.xib */; };
		5C01FACA1A656CB800A0BB98 /* ProgressButtion.m in Sources */ = {isa = PBXBuildFile; fileRef = 5C01FAC91A656CB800A0BB98 /* ProgressButtion.m */; };
		5CC8F85E1A64AD65006FBCB7 /* ZDAudioRecorder.m in Sources */ = {isa = PBXBuildFile; fileRef = 5CC8F85D1A64AD65006FBCB7 /* ZDAudioRecorder.m */; };
		5CC8F8601A64AE0E006FBCB7 /* AudioToolbox.framework in Frameworks */ = {isa = PBXBuildFile; fileRef = 5CC8F85F1A64AE0E006FBCB7 /* AudioToolbox.framework */; };
		5CEAB5481A641A8900380386 /* Main.storyboard in Resources */ = {isa = PBXBuildFile; fileRef = 5CEAB5461A641A8900380386 /* Main.storyboard */; };
		5CEAB54A1A641A8900380386 /* Images.xcassets in Resources */ = {isa = PBXBuildFile; fileRef = 5CEAB5491A641A8900380386 /* Images.xcassets */; };
		5CEAB54D1A641A8900380386 /* LaunchScreen.xib in Resources */ = {isa = PBXBuildFile; fileRef = 5CEAB54B1A641A8900380386 /* LaunchScreen.xib */; };
		5CEAB5591A641A8900380386 /* ZDAudioTool_ExampleTests.m in Sources */ = {isa = PBXBuildFile; fileRef = 5CEAB5581A641A8900380386 /* ZDAudioTool_ExampleTests.m */; };
/* End PBXBuildFile section */

/* Begin PBXContainerItemProxy section */
		5CEAB5531A641A8900380386 /* PBXContainerItemProxy */ = {
			isa = PBXContainerItemProxy;
			containerPortal = 5CEAB5311A641A8900380386 /* Project object */;
			proxyType = 1;
			remoteGlobalIDString = 5CEAB5381A641A8900380386;
			remoteInfo = "ZDAudioTool Example";
		};
/* End PBXContainerItemProxy section */

/* Begin PBXFileReference section */
		5C01FAB51A6545A000A0BB98 /* AppDelegate.h */ = {isa = PBXFileReference; fileEncoding = 4; lastKnownFileType = sourcecode.c.h; path = AppDelegate.h; sourceTree = "<group>"; };
		5C01FAB61A6545A000A0BB98 /* AppDelegate.m */ = {isa = PBXFileReference; fileEncoding = 4; lastKnownFileType = sourcecode.c.objc; path = AppDelegate.m; sourceTree = "<group>"; };
		5C01FAB71A6545A000A0BB98 /* main.m */ = {isa = PBXFileReference; fileEncoding = 4; lastKnownFileType = sourcecode.c.objc; name = main.m; path = Classes/main.m; sourceTree = "<group>"; };
		5C01FABF1A6545EF00A0BB98 /* MainViewController.h */ = {isa = PBXFileReference; fileEncoding = 4; lastKnownFileType = sourcecode.c.h; path = MainViewController.h; sourceTree = "<group>"; };
		5C01FAC01A6545EF00A0BB98 /* MainViewController.m */ = {isa = PBXFileReference; fileEncoding = 4; lastKnownFileType = sourcecode.c.objc; path = MainViewController.m; sourceTree = "<group>"; };
		5C01FAC21A654E3300A0BB98 /* NewRecordController.h */ = {isa = PBXFileReference; fileEncoding = 4; lastKnownFileType = sourcecode.c.h; path = NewRecordController.h; sourceTree = "<group>"; };
		5C01FAC31A654E3300A0BB98 /* NewRecordController.m */ = {isa = PBXFileReference; fileEncoding = 4; lastKnownFileType = sourcecode.c.objc; path = NewRecordController.m; sourceTree = "<group>"; };
		5C01FAC51A654EB700A0BB98 /* NewRecordController.xib */ = {isa = PBXFileReference; fileEncoding = 4; lastKnownFileType = file.xib; path = NewRecordController.xib; sourceTree = "<group>"; };
		5C01FAC81A656CB800A0BB98 /* ProgressButtion.h */ = {isa = PBXFileReference; fileEncoding = 4; lastKnownFileType = sourcecode.c.h; path = ProgressButtion.h; sourceTree = "<group>"; };
		5C01FAC91A656CB800A0BB98 /* ProgressButtion.m */ = {isa = PBXFileReference; fileEncoding = 4; lastKnownFileType = sourcecode.c.objc; path = ProgressButtion.m; sourceTree = "<group>"; };
		5CC8F85B1A64ABDA006FBCB7 /* ZDAudioTool.h */ = {isa = PBXFileReference; fileEncoding = 4; lastKnownFileType = sourcecode.c.h; path = ZDAudioTool.h; sourceTree = "<group>"; };
		5CC8F85C1A64AD65006FBCB7 /* ZDAudioRecorder.h */ = {isa = PBXFileReference; fileEncoding = 4; lastKnownFileType = sourcecode.c.h; path = ZDAudioRecorder.h; sourceTree = "<group>"; };
		5CC8F85D1A64AD65006FBCB7 /* ZDAudioRecorder.m */ = {isa = PBXFileReference; fileEncoding = 4; lastKnownFileType = sourcecode.c.objc; path = ZDAudioRecorder.m; sourceTree = "<group>"; };
		5CC8F85F1A64AE0E006FBCB7 /* AudioToolbox.framework */ = {isa = PBXFileReference; lastKnownFileType = wrapper.framework; name = AudioToolbox.framework; path = System/Library/Frameworks/AudioToolbox.framework; sourceTree = SDKROOT; };
		5CEAB5391A641A8900380386 /* ZDAudioTool Example.app */ = {isa = PBXFileReference; explicitFileType = wrapper.application; includeInIndex = 0; path = "ZDAudioTool Example.app"; sourceTree = BUILT_PRODUCTS_DIR; };
		5CEAB53D1A641A8900380386 /* Info.plist */ = {isa = PBXFileReference; lastKnownFileType = text.plist.xml; path = Info.plist; sourceTree = "<group>"; };
		5CEAB5471A641A8900380386 /* Base */ = {isa = PBXFileReference; lastKnownFileType = file.storyboard; name = Base; path = Base.lproj/Main.storyboard; sourceTree = "<group>"; };
		5CEAB5491A641A8900380386 /* Images.xcassets */ = {isa = PBXFileReference; lastKnownFileType = folder.assetcatalog; path = Images.xcassets; sourceTree = "<group>"; };
		5CEAB54C1A641A8900380386 /* Base */ = {isa = PBXFileReference; lastKnownFileType = file.xib; name = Base; path = Base.lproj/LaunchScreen.xib; sourceTree = "<group>"; };
		5CEAB5521A641A8900380386 /* ZDAudioTool ExampleTests.xctest */ = {isa = PBXFileReference; explicitFileType = wrapper.cfbundle; includeInIndex = 0; path = "ZDAudioTool ExampleTests.xctest"; sourceTree = BUILT_PRODUCTS_DIR; };
		5CEAB5571A641A8900380386 /* Info.plist */ = {isa = PBXFileReference; lastKnownFileType = text.plist.xml; path = Info.plist; sourceTree = "<group>"; };
		5CEAB5581A641A8900380386 /* ZDAudioTool_ExampleTests.m */ = {isa = PBXFileReference; lastKnownFileType = sourcecode.c.objc; path = ZDAudioTool_ExampleTests.m; sourceTree = "<group>"; };
/* End PBXFileReference section */

/* Begin PBXFrameworksBuildPhase section */
		5CEAB5361A641A8900380386 /* Frameworks */ = {
			isa = PBXFrameworksBuildPhase;
			buildActionMask = 2147483647;
			files = (
				5CC8F8601A64AE0E006FBCB7 /* AudioToolbox.framework in Frameworks */,
			);
			runOnlyForDeploymentPostprocessing = 0;
		};
		5CEAB54F1A641A8900380386 /* Frameworks */ = {
			isa = PBXFrameworksBuildPhase;
			buildActionMask = 2147483647;
			files = (
			);
			runOnlyForDeploymentPostprocessing = 0;
		};
/* End PBXFrameworksBuildPhase section */

/* Begin PBXGroup section */
		5C01FAB41A65453700A0BB98 /* Classes */ = {
			isa = PBXGroup;
			children = (
				5C01FAC71A656CB800A0BB98 /* Views */,
				5C01FABE1A6545EF00A0BB98 /* ViewControllers */,
				5C01FAB51A6545A000A0BB98 /* AppDelegate.h */,
				5C01FAB61A6545A000A0BB98 /* AppDelegate.m */,
			);
			path = Classes;
			sourceTree = "<group>";
		};
		5C01FABE1A6545EF00A0BB98 /* ViewControllers */ = {
			isa = PBXGroup;
			children = (
				5C01FABF1A6545EF00A0BB98 /* MainViewController.h */,
				5C01FAC01A6545EF00A0BB98 /* MainViewController.m */,
				5C01FAC21A654E3300A0BB98 /* NewRecordController.h */,
				5C01FAC31A654E3300A0BB98 /* NewRecordController.m */,
				5C01FAC51A654EB700A0BB98 /* NewRecordController.xib */,
			);
			path = ViewControllers;
			sourceTree = "<group>";
		};
		5C01FAC71A656CB800A0BB98 /* Views */ = {
			isa = PBXGroup;
			children = (
				5C01FAC81A656CB800A0BB98 /* ProgressButtion.h */,
				5C01FAC91A656CB800A0BB98 /* ProgressButtion.m */,
			);
			path = Views;
			sourceTree = "<group>";
		};
		5CC8F8581A64ABDA006FBCB7 /* ZDAudioTool */ = {
			isa = PBXGroup;
			children = (
				5CC8F8591A64ABDA006FBCB7 /* Play */,
				5CC8F85A1A64ABDA006FBCB7 /* Record */,
				5CC8F85B1A64ABDA006FBCB7 /* ZDAudioTool.h */,
			);
			name = ZDAudioTool;
			path = ../../ZDAudioTool;
			sourceTree = "<group>";
		};
		5CC8F8591A64ABDA006FBCB7 /* Play */ = {
			isa = PBXGroup;
			children = (
			);
			path = Play;
			sourceTree = "<group>";
		};
		5CC8F85A1A64ABDA006FBCB7 /* Record */ = {
			isa = PBXGroup;
			children = (
				5CC8F85C1A64AD65006FBCB7 /* ZDAudioRecorder.h */,
				5CC8F85D1A64AD65006FBCB7 /* ZDAudioRecorder.m */,
			);
			path = Record;
			sourceTree = "<group>";
		};
		5CC8F8611A64AE3D006FBCB7 /* Framework */ = {
			isa = PBXGroup;
			children = (
				5CC8F85F1A64AE0E006FBCB7 /* AudioToolbox.framework */,
			);
			name = Framework;
			sourceTree = "<group>";
		};
		5CEAB5301A641A8900380386 = {
			isa = PBXGroup;
			children = (
				5CEAB53B1A641A8900380386 /* ZDAudioTool Example */,
				5CEAB5551A641A8900380386 /* ZDAudioTool ExampleTests */,
				5CEAB53A1A641A8900380386 /* Products */,
			);
			sourceTree = "<group>";
		};
		5CEAB53A1A641A8900380386 /* Products */ = {
			isa = PBXGroup;
			children = (
				5CEAB5391A641A8900380386 /* ZDAudioTool Example.app */,
				5CEAB5521A641A8900380386 /* ZDAudioTool ExampleTests.xctest */,
			);
			name = Products;
			sourceTree = "<group>";
		};
		5CEAB53B1A641A8900380386 /* ZDAudioTool Example */ = {
			isa = PBXGroup;
			children = (
				5CC8F8581A64ABDA006FBCB7 /* ZDAudioTool */,
				5C01FAB41A65453700A0BB98 /* Classes */,
				5CEAB5461A641A8900380386 /* Main.storyboard */,
				5CEAB5491A641A8900380386 /* Images.xcassets */,
				5CEAB54B1A641A8900380386 /* LaunchScreen.xib */,
				5CC8F8611A64AE3D006FBCB7 /* Framework */,
				5CEAB53C1A641A8900380386 /* Supporting Files */,
			);
			path = "ZDAudioTool Example";
			sourceTree = "<group>";
		};
		5CEAB53C1A641A8900380386 /* Supporting Files */ = {
			isa = PBXGroup;
			children = (
				5CEAB53D1A641A8900380386 /* Info.plist */,
				5C01FAB71A6545A000A0BB98 /* main.m */,
			);
			name = "Supporting Files";
			sourceTree = "<group>";
		};
		5CEAB5551A641A8900380386 /* ZDAudioTool ExampleTests */ = {
			isa = PBXGroup;
			children = (
				5CEAB5581A641A8900380386 /* ZDAudioTool_ExampleTests.m */,
				5CEAB5561A641A8900380386 /* Supporting Files */,
			);
			path = "ZDAudioTool ExampleTests";
			sourceTree = "<group>";
		};
		5CEAB5561A641A8900380386 /* Supporting Files */ = {
			isa = PBXGroup;
			children = (
				5CEAB5571A641A8900380386 /* Info.plist */,
			);
			name = "Supporting Files";
			sourceTree = "<group>";
		};
/* End PBXGroup section */

/* Begin PBXNativeTarget section */
		5CEAB5381A641A8900380386 /* ZDAudioTool Example */ = {
			isa = PBXNativeTarget;
			buildConfigurationList = 5CEAB55C1A641A8900380386 /* Build configuration list for PBXNativeTarget "ZDAudioTool Example" */;
			buildPhases = (
				5CEAB5351A641A8900380386 /* Sources */,
				5CEAB5361A641A8900380386 /* Frameworks */,
				5CEAB5371A641A8900380386 /* Resources */,
			);
			buildRules = (
			);
			dependencies = (
			);
			name = "ZDAudioTool Example";
			productName = "ZDAudioTool Example";
			productReference = 5CEAB5391A641A8900380386 /* ZDAudioTool Example.app */;
			productType = "com.apple.product-type.application";
		};
		5CEAB5511A641A8900380386 /* ZDAudioTool ExampleTests */ = {
			isa = PBXNativeTarget;
			buildConfigurationList = 5CEAB55F1A641A8900380386 /* Build configuration list for PBXNativeTarget "ZDAudioTool ExampleTests" */;
			buildPhases = (
				5CEAB54E1A641A8900380386 /* Sources */,
				5CEAB54F1A641A8900380386 /* Frameworks */,
				5CEAB5501A641A8900380386 /* Resources */,
			);
			buildRules = (
			);
			dependencies = (
				5CEAB5541A641A8900380386 /* PBXTargetDependency */,
			);
			name = "ZDAudioTool ExampleTests";
			productName = "ZDAudioTool ExampleTests";
			productReference = 5CEAB5521A641A8900380386 /* ZDAudioTool ExampleTests.xctest */;
			productType = "com.apple.product-type.bundle.unit-test";
		};
/* End PBXNativeTarget section */

/* Begin PBXProject section */
		5CEAB5311A641A8900380386 /* Project object */ = {
			isa = PBXProject;
			attributes = {
				LastUpgradeCheck = 0610;
				ORGANIZATIONNAME = zerd;
				TargetAttributes = {
					5CEAB5381A641A8900380386 = {
						CreatedOnToolsVersion = 6.1.1;
					};
					5CEAB5511A641A8900380386 = {
						CreatedOnToolsVersion = 6.1.1;
						TestTargetID = 5CEAB5381A641A8900380386;
					};
				};
			};
			buildConfigurationList = 5CEAB5341A641A8900380386 /* Build configuration list for PBXProject "ZDAudioTool Example" */;
			compatibilityVersion = "Xcode 3.2";
			developmentRegion = English;
			hasScannedForEncodings = 0;
			knownRegions = (
				en,
				Base,
			);
			mainGroup = 5CEAB5301A641A8900380386;
			productRefGroup = 5CEAB53A1A641A8900380386 /* Products */;
			projectDirPath = "";
			projectRoot = "";
			targets = (
				5CEAB5381A641A8900380386 /* ZDAudioTool Example */,
				5CEAB5511A641A8900380386 /* ZDAudioTool ExampleTests */,
			);
		};
/* End PBXProject section */

/* Begin PBXResourcesBuildPhase section */
		5CEAB5371A641A8900380386 /* Resources */ = {
			isa = PBXResourcesBuildPhase;
			buildActionMask = 2147483647;
			files = (
				5CEAB5481A641A8900380386 /* Main.storyboard in Resources */,
				5C01FAC61A654EB700A0BB98 /* NewRecordController.xib in Resources */,
				5CEAB54D1A641A8900380386 /* LaunchScreen.xib in Resources */,
				5CEAB54A1A641A8900380386 /* Images.xcassets in Resources */,
			);
			runOnlyForDeploymentPostprocessing = 0;
		};
		5CEAB5501A641A8900380386 /* Resources */ = {
			isa = PBXResourcesBuildPhase;
			buildActionMask = 2147483647;
			files = (
			);
			runOnlyForDeploymentPostprocessing = 0;
		};
/* End PBXResourcesBuildPhase section */

/* Begin PBXSourcesBuildPhase section */
		5CEAB5351A641A8900380386 /* Sources */ = {
			isa = PBXSourcesBuildPhase;
			buildActionMask = 2147483647;
			files = (
				5C01FACA1A656CB800A0BB98 /* ProgressButtion.m in Sources */,
				5C01FAC41A654E3300A0BB98 /* NewRecordController.m in Sources */,
				5CC8F85E1A64AD65006FBCB7 /* ZDAudioRecorder.m in Sources */,
				5C01FAB91A6545A000A0BB98 /* main.m in Sources */,
				5C01FAC11A6545EF00A0BB98 /* MainViewController.m in Sources */,
				5C01FAB81A6545A000A0BB98 /* AppDelegate.m in Sources */,
			);
			runOnlyForDeploymentPostprocessing = 0;
		};
		5CEAB54E1A641A8900380386 /* Sources */ = {
			isa = PBXSourcesBuildPhase;
			buildActionMask = 2147483647;
			files = (
				5CEAB5591A641A8900380386 /* ZDAudioTool_ExampleTests.m in Sources */,
			);
			runOnlyForDeploymentPostprocessing = 0;
		};
/* End PBXSourcesBuildPhase section */

/* Begin PBXTargetDependency section */
		5CEAB5541A641A8900380386 /* PBXTargetDependency */ = {
			isa = PBXTargetDependency;
			target = 5CEAB5381A641A8900380386 /* ZDAudioTool Example */;
			targetProxy = 5CEAB5531A641A8900380386 /* PBXContainerItemProxy */;
		};
/* End PBXTargetDependency section */

/* Begin PBXVariantGroup section */
		5CEAB5461A641A8900380386 /* Main.storyboard */ = {
			isa = PBXVariantGroup;
			children = (
				5CEAB5471A641A8900380386 /* Base */,
			);
			name = Main.storyboard;
			sourceTree = "<group>";
		};
		5CEAB54B1A641A8900380386 /* LaunchScreen.xib */ = {
			isa = PBXVariantGroup;
			children = (
				5CEAB54C1A641A8900380386 /* Base */,
			);
			name = LaunchScreen.xib;
			sourceTree = "<group>";
		};
/* End PBXVariantGroup section */

/* Begin XCBuildConfiguration section */
		5CEAB55A1A641A8900380386 /* Debug */ = {
			isa = XCBuildConfiguration;
			buildSettings = {
				ALWAYS_SEARCH_USER_PATHS = NO;
				CLANG_CXX_LANGUAGE_STANDARD = "gnu++0x";
				CLANG_CXX_LIBRARY = "libc++";
				CLANG_ENABLE_MODULES = YES;
				CLANG_ENABLE_OBJC_ARC = YES;
				CLANG_WARN_BOOL_CONVERSION = YES;
				CLANG_WARN_CONSTANT_CONVERSION = YES;
				CLANG_WARN_DIRECT_OBJC_ISA_USAGE = YES_ERROR;
				CLANG_WARN_EMPTY_BODY = YES;
				CLANG_WARN_ENUM_CONVERSION = YES;
				CLANG_WARN_INT_CONVERSION = YES;
				CLANG_WARN_OBJC_ROOT_CLASS = YES_ERROR;
				CLANG_WARN_UNREACHABLE_CODE = YES;
				CLANG_WARN__DUPLICATE_METHOD_MATCH = YES;
				"CODE_SIGN_IDENTITY[sdk=iphoneos*]" = "iPhone Developer";
				COPY_PHASE_STRIP = NO;
				ENABLE_STRICT_OBJC_MSGSEND = YES;
				GCC_C_LANGUAGE_STANDARD = gnu99;
				GCC_DYNAMIC_NO_PIC = NO;
				GCC_OPTIMIZATION_LEVEL = 0;
				GCC_PREPROCESSOR_DEFINITIONS = (
					"DEBUG=1",
					"$(inherited)",
				);
				GCC_SYMBOLS_PRIVATE_EXTERN = NO;
				GCC_WARN_64_TO_32_BIT_CONVERSION = YES;
				GCC_WARN_ABOUT_RETURN_TYPE = YES_ERROR;
				GCC_WARN_UNDECLARED_SELECTOR = YES;
				GCC_WARN_UNINITIALIZED_AUTOS = YES_AGGRESSIVE;
				GCC_WARN_UNUSED_FUNCTION = YES;
				GCC_WARN_UNUSED_VARIABLE = YES;
				IPHONEOS_DEPLOYMENT_TARGET = 8.1;
				MTL_ENABLE_DEBUG_INFO = YES;
				ONLY_ACTIVE_ARCH = YES;
				SDKROOT = iphoneos;
				TARGETED_DEVICE_FAMILY = "1,2";
			};
			name = Debug;
		};
		5CEAB55B1A641A8900380386 /* Release */ = {
			isa = XCBuildConfiguration;
			buildSettings = {
				ALWAYS_SEARCH_USER_PATHS = NO;
				CLANG_CXX_LANGUAGE_STANDARD = "gnu++0x";
				CLANG_CXX_LIBRARY = "libc++";
				CLANG_ENABLE_MODULES = YES;
				CLANG_ENABLE_OBJC_ARC = YES;
				CLANG_WARN_BOOL_CONVERSION = YES;
				CLANG_WARN_CONSTANT_CONVERSION = YES;
				CLANG_WARN_DIRECT_OBJC_ISA_USAGE = YES_ERROR;
				CLANG_WARN_EMPTY_BODY = YES;
				CLANG_WARN_ENUM_CONVERSION = YES;
				CLANG_WARN_INT_CONVERSION = YES;
				CLANG_WARN_OBJC_ROOT_CLASS = YES_ERROR;
				CLANG_WARN_UNREACHABLE_CODE = YES;
				CLANG_WARN__DUPLICATE_METHOD_MATCH = YES;
				"CODE_SIGN_IDENTITY[sdk=iphoneos*]" = "iPhone Developer";
				COPY_PHASE_STRIP = YES;
				ENABLE_NS_ASSERTIONS = NO;
				ENABLE_STRICT_OBJC_MSGSEND = YES;
				GCC_C_LANGUAGE_STANDARD = gnu99;
				GCC_WARN_64_TO_32_BIT_CONVERSION = YES;
				GCC_WARN_ABOUT_RETURN_TYPE = YES_ERROR;
				GCC_WARN_UNDECLARED_SELECTOR = YES;
				GCC_WARN_UNINITIALIZED_AUTOS = YES_AGGRESSIVE;
				GCC_WARN_UNUSED_FUNCTION = YES;
				GCC_WARN_UNUSED_VARIABLE = YES;
				IPHONEOS_DEPLOYMENT_TARGET = 8.1;
				MTL_ENABLE_DEBUG_INFO = NO;
				SDKROOT = iphoneos;
				TARGETED_DEVICE_FAMILY = "1,2";
				VALIDATE_PRODUCT = YES;
			};
			name = Release;
		};
		5CEAB55D1A641A8900380386 /* Debug */ = {
			isa = XCBuildConfiguration;
			buildSettings = {
				ASSETCATALOG_COMPILER_APPICON_NAME = AppIcon;
				INFOPLIST_FILE = "ZDAudioTool Example/Info.plist";
				LD_RUNPATH_SEARCH_PATHS = "$(inherited) @executable_path/Frameworks";
				PRODUCT_NAME = "$(TARGET_NAME)";
			};
			name = Debug;
		};
		5CEAB55E1A641A8900380386 /* Release */ = {
			isa = XCBuildConfiguration;
			buildSettings = {
				ASSETCATALOG_COMPILER_APPICON_NAME = AppIcon;
				INFOPLIST_FILE = "ZDAudioTool Example/Info.plist";
				LD_RUNPATH_SEARCH_PATHS = "$(inherited) @executable_path/Frameworks";
				PRODUCT_NAME = "$(TARGET_NAME)";
			};
			name = Release;
		};
		5CEAB5601A641A8900380386 /* Debug */ = {
			isa = XCBuildConfiguration;
			buildSettings = {
				BUNDLE_LOADER = "$(TEST_HOST)";
				FRAMEWORK_SEARCH_PATHS = (
					"$(SDKROOT)/Developer/Library/Frameworks",
					"$(inherited)",
				);
				GCC_PREPROCESSOR_DEFINITIONS = (
					"DEBUG=1",
					"$(inherited)",
				);
				INFOPLIST_FILE = "ZDAudioTool ExampleTests/Info.plist";
				LD_RUNPATH_SEARCH_PATHS = "$(inherited) @executable_path/Frameworks @loader_path/Frameworks";
				PRODUCT_NAME = "$(TARGET_NAME)";
				TEST_HOST = "$(BUILT_PRODUCTS_DIR)/ZDAudioTool Example.app/ZDAudioTool Example";
			};
			name = Debug;
		};
		5CEAB5611A641A8900380386 /* Release */ = {
			isa = XCBuildConfiguration;
			buildSettings = {
				BUNDLE_LOADER = "$(TEST_HOST)";
				FRAMEWORK_SEARCH_PATHS = (
					"$(SDKROOT)/Developer/Library/Frameworks",
					"$(inherited)",
				);
				INFOPLIST_FILE = "ZDAudioTool ExampleTests/Info.plist";
				LD_RUNPATH_SEARCH_PATHS = "$(inherited) @executable_path/Frameworks @loader_path/Frameworks";
				PRODUCT_NAME = "$(TARGET_NAME)";
				TEST_HOST = "$(BUILT_PRODUCTS_DIR)/ZDAudioTool Example.app/ZDAudioTool Example";
			};
			name = Release;
		};
/* End XCBuildConfiguration section */

/* Begin XCConfigurationList section */
		5CEAB5341A641A8900380386 /* Build configuration list for PBXProject "ZDAudioTool Example" */ = {
			isa = XCConfigurationList;
			buildConfigurations = (
				5CEAB55A1A641A8900380386 /* Debug */,
				5CEAB55B1A641A8900380386 /* Release */,
			);
			defaultConfigurationIsVisible = 0;
			defaultConfigurationName = Release;
		};
		5CEAB55C1A641A8900380386 /* Build configuration list for PBXNativeTarget "ZDAudioTool Example" */ = {
			isa = XCConfigurationList;
			buildConfigurations = (
				5CEAB55D1A641A8900380386 /* Debug */,
				5CEAB55E1A641A8900380386 /* Release */,
			);
			defaultConfigurationIsVisible = 0;
			defaultConfigurationName = Release;
		};
		5CEAB55F1A641A8900380386 /* Build configuration list for PBXNativeTarget "ZDAudioTool ExampleTests" */ = {
			isa = XCConfigurationList;
			buildConfigurations = (
				5CEAB5601A641A8900380386 /* Debug */,
				5CEAB5611A641A8900380386 /* Release */,
			);
			defaultConfigurationIsVisible = 0;
			defaultConfigurationName = Release;
		};
/* End XCConfigurationList section */
	};
	rootObject = 5CEAB5311A641A8900380386 /* Project object */;
}
